
Microsoft Visual Studio Solution File, Format Version 12.00
# Visual Studio 15
VisualStudioVersion = 15.0.27130.2026
MinimumVisualStudioVersion = 10.0.40219.1
Project("{FAE04EC0-301F-11D3-BF4B-00C04F79EFBC}") = "MiyanoBot", "MiyanoBot\MiyanoBot.csproj", "{3EB65020-F1A4-4203-97A9-D15013BF16A8}"
EndProject
Global
	GlobalSection(SolutionConfigurationPlatforms) = preSolution
		Debug|Any CPU = Debug|Any CPU
		Release|Any CPU = Release|Any CPU
	EndGlobalSection
	GlobalSection(ProjectConfigurationPlatforms) = postSolution
		{3EB65020-F1A4-4203-97A9-D15013BF16A8}.Debug|Any CPU.ActiveCfg = Debug|Any CPU
		{3EB65020-F1A4-4203-97A9-D15013BF16A8}.Debug|Any CPU.Build.0 = Debug|Any CPU
		{3EB65020-F1A4-4203-97A9-D15013BF16A8}.Release|Any CPU.ActiveCfg = Release|Any CPU
		{3EB65020-F1A4-4203-97A9-D15013BF16A8}.Release|Any CPU.Build.0 = Release|Any CPU
	EndGlobalSection
	GlobalSection(SolutionProperties) = preSolution
		HideSolutionNode = FALSE
	EndGlobalSection
	GlobalSection(ExtensibilityGlobals) = postSolution
		SolutionGuid = {19DAED1E-0980-48C5-8662-C43301D09C2A}
	EndGlobalSection
EndGlobal
